// !$*UTF8*$!
{
	archiveVersion = 1;
	classes = {
	};
	objectVersion = 56;
	objects = {

/* Begin PBXBuildFile section */
		B98CFA8A28FB525C0002D7B9 /* AppDelegate.swift in Sources */ = {isa = PBXBuildFile; fileRef = B98CFA8928FB525C0002D7B9 /* AppDelegate.swift */; };
		B98CFA8C28FB525C0002D7B9 /* SceneDelegate.swift in Sources */ = {isa = PBXBuildFile; fileRef = B98CFA8B28FB525C0002D7B9 /* SceneDelegate.swift */; };
		B98CFA8E28FB525C0002D7B9 /* ViewController.swift in Sources */ = {isa = PBXBuildFile; fileRef = B98CFA8D28FB525C0002D7B9 /* ViewController.swift */; };
		B98CFA9128FB525C0002D7B9 /* Main.storyboard in Resources */ = {isa = PBXBuildFile; fileRef = B98CFA8F28FB525C0002D7B9 /* Main.storyboard */; };
		B98CFA9328FB525D0002D7B9 /* Assets.xcassets in Resources */ = {isa = PBXBuildFile; fileRef = B98CFA9228FB525D0002D7B9 /* Assets.xcassets */; };
		B98CFA9628FB525D0002D7B9 /* LaunchScreen.storyboard in Resources */ = {isa = PBXBuildFile; fileRef = B98CFA9428FB525D0002D7B9 /* LaunchScreen.storyboard */; };
		B98CFA9F28FB53CD0002D7B9 /* AbceedUILibrary in Frameworks */ = {isa = PBXBuildFile; productRef = B98CFA9E28FB53CD0002D7B9 /* AbceedUILibrary */; };
		B98CFAA428FB561C0002D7B9 /* AbceedExtension.swift in Sources */ = {isa = PBXBuildFile; fileRef = B98CFAA328FB561C0002D7B9 /* AbceedExtension.swift */; };
		B98CFAA728FB57780002D7B9 /* Alamofire in Frameworks */ = {isa = PBXBuildFile; productRef = B98CFAA628FB57780002D7B9 /* Alamofire */; };
		B98CFAAA28FB57B00002D7B9 /* AlamofireImage in Frameworks */ = {isa = PBXBuildFile; productRef = B98CFAA928FB57B00002D7B9 /* AlamofireImage */; };
		B98CFAAC28FB58E60002D7B9 /* NetworkLib.swift in Sources */ = {isa = PBXBuildFile; fileRef = B98CFAAB28FB58E60002D7B9 /* NetworkLib.swift */; };
/* End PBXBuildFile section */

/* Begin PBXFileReference section */
		B98CFA8628FB525C0002D7B9 /* abceed-exam.app */ = {isa = PBXFileReference; explicitFileType = wrapper.application; includeInIndex = 0; path = "abceed-exam.app"; sourceTree = BUILT_PRODUCTS_DIR; };
		B98CFA8928FB525C0002D7B9 /* AppDelegate.swift */ = {isa = PBXFileReference; lastKnownFileType = sourcecode.swift; path = AppDelegate.swift; sourceTree = "<group>"; };
		B98CFA8B28FB525C0002D7B9 /* SceneDelegate.swift */ = {isa = PBXFileReference; lastKnownFileType = sourcecode.swift; path = SceneDelegate.swift; sourceTree = "<group>"; };
		B98CFA8D28FB525C0002D7B9 /* ViewController.swift */ = {isa = PBXFileReference; lastKnownFileType = sourcecode.swift; path = ViewController.swift; sourceTree = "<group>"; };
		B98CFA9028FB525C0002D7B9 /* Base */ = {isa = PBXFileReference; lastKnownFileType = file.storyboard; name = Base; path = Base.lproj/Main.storyboard; sourceTree = "<group>"; };
		B98CFA9228FB525D0002D7B9 /* Assets.xcassets */ = {isa = PBXFileReference; lastKnownFileType = folder.assetcatalog; path = Assets.xcassets; sourceTree = "<group>"; };
		B98CFA9528FB525D0002D7B9 /* Base */ = {isa = PBXFileReference; lastKnownFileType = file.storyboard; name = Base; path = Base.lproj/LaunchScreen.storyboard; sourceTree = "<group>"; };
		B98CFA9728FB525D0002D7B9 /* Info.plist */ = {isa = PBXFileReference; lastKnownFileType = text.plist.xml; path = Info.plist; sourceTree = "<group>"; };
		B98CFAA328FB561C0002D7B9 /* AbceedExtension.swift */ = {isa = PBXFileReference; lastKnownFileType = sourcecode.swift; path = AbceedExtension.swift; sourceTree = "<group>"; };
		B98CFAAB28FB58E60002D7B9 /* NetworkLib.swift */ = {isa = PBXFileReference; lastKnownFileType = sourcecode.swift; path = NetworkLib.swift; sourceTree = "<group>"; };
/* End PBXFileReference section */

/* Begin PBXFrameworksBuildPhase section */
		B98CFA8328FB525C0002D7B9 /* Frameworks */ = {
			isa = PBXFrameworksBuildPhase;
			buildActionMask = 2147483647;
			files = (
				B98CFA9F28FB53CD0002D7B9 /* AbceedUILibrary in Frameworks */,
				B98CFAA728FB57780002D7B9 /* Alamofire in Frameworks */,
				B98CFAAA28FB57B00002D7B9 /* AlamofireImage in Frameworks */,
			);
			runOnlyForDeploymentPostprocessing = 0;
		};
/* End PBXFrameworksBuildPhase section */

/* Begin PBXGroup section */
		B98CFA7D28FB525C0002D7B9 = {
			isa = PBXGroup;
			children = (
				B98CFA8828FB525C0002D7B9 /* abceed-exam */,
				B98CFA8728FB525C0002D7B9 /* Products */,
			);
			sourceTree = "<group>";
		};
		B98CFA8728FB525C0002D7B9 /* Products */ = {
			isa = PBXGroup;
			children = (
				B98CFA8628FB525C0002D7B9 /* abceed-exam.app */,
			);
			name = Products;
			sourceTree = "<group>";
		};
		B98CFA8828FB525C0002D7B9 /* abceed-exam */ = {
			isa = PBXGroup;
			children = (
				B98CFAA028FB55980002D7B9 /* Sources */,
				B98CFA8F28FB525C0002D7B9 /* Main.storyboard */,
				B98CFA9228FB525D0002D7B9 /* Assets.xcassets */,
				B98CFA9428FB525D0002D7B9 /* LaunchScreen.storyboard */,
				B98CFA9728FB525D0002D7B9 /* Info.plist */,
			);
			path = "abceed-exam";
			sourceTree = "<group>";
		};
		B98CFAA028FB55980002D7B9 /* Sources */ = {
			isa = PBXGroup;
			children = (
				B98CFAA228FB55DC0002D7B9 /* Logic */,
				B98CFAA128FB55CA0002D7B9 /* UI */,
				B98CFA8928FB525C0002D7B9 /* AppDelegate.swift */,
				B98CFA8B28FB525C0002D7B9 /* SceneDelegate.swift */,
				B98CFAA328FB561C0002D7B9 /* AbceedExtension.swift */,
			);
			path = Sources;
			sourceTree = "<group>";
		};
		B98CFAA128FB55CA0002D7B9 /* UI */ = {
			isa = PBXGroup;
			children = (
				B98CFA8D28FB525C0002D7B9 /* ViewController.swift */,
			);
			path = UI;
			sourceTree = "<group>";
		};
		B98CFAA228FB55DC0002D7B9 /* Logic */ = {
			isa = PBXGroup;
			children = (
				B98CFAAB28FB58E60002D7B9 /* NetworkLib.swift */,
			);
			path = Logic;
			sourceTree = "<group>";
		};
/* End PBXGroup section */

/* Begin PBXNativeTarget section */
		B98CFA8528FB525C0002D7B9 /* abceed-exam */ = {
			isa = PBXNativeTarget;
			buildConfigurationList = B98CFA9A28FB525D0002D7B9 /* Build configuration list for PBXNativeTarget "abceed-exam" */;
			buildPhases = (
				B98CFA8228FB525C0002D7B9 /* Sources */,
				B98CFA8328FB525C0002D7B9 /* Frameworks */,
				B98CFA8428FB525C0002D7B9 /* Resources */,
			);
			buildRules = (
			);
			dependencies = (
			);
			name = "abceed-exam";
			packageProductDependencies = (
				B98CFA9E28FB53CD0002D7B9 /* AbceedUILibrary */,
				B98CFAA628FB57780002D7B9 /* Alamofire */,
				B98CFAA928FB57B00002D7B9 /* AlamofireImage */,
			);
			productName = "abceed-exam";
			productReference = B98CFA8628FB525C0002D7B9 /* abceed-exam.app */;
			productType = "com.apple.product-type.application";
		};
/* End PBXNativeTarget section */

/* Begin PBXProject section */
		B98CFA7E28FB525C0002D7B9 /* Project object */ = {
			isa = PBXProject;
			attributes = {
				BuildIndependentTargetsInParallel = 1;
				LastSwiftUpdateCheck = 1400;
				LastUpgradeCheck = 1400;
				TargetAttributes = {
					B98CFA8528FB525C0002D7B9 = {
						CreatedOnToolsVersion = 14.0.1;
					};
				};
			};
			buildConfigurationList = B98CFA8128FB525C0002D7B9 /* Build configuration list for PBXProject "abceed-exam" */;
			compatibilityVersion = "Xcode 14.0";
			developmentRegion = en;
			hasScannedForEncodings = 0;
			knownRegions = (
				en,
				Base,
			);
			mainGroup = B98CFA7D28FB525C0002D7B9;
			packageReferences = (
				B98CFA9D28FB53CD0002D7B9 /* XCRemoteSwiftPackageReference "abceed-UIComponents" */,
				B98CFAA528FB57780002D7B9 /* XCRemoteSwiftPackageReference "Alamofire" */,
				B98CFAA828FB57B00002D7B9 /* XCRemoteSwiftPackageReference "AlamofireImage" */,
			);
			productRefGroup = B98CFA8728FB525C0002D7B9 /* Products */;
			projectDirPath = "";
			projectRoot = "";
			targets = (
				B98CFA8528FB525C0002D7B9 /* abceed-exam */,
			);
		};
/* End PBXProject section */

/* Begin PBXResourcesBuildPhase section */
		B98CFA8428FB525C0002D7B9 /* Resources */ = {
			isa = PBXResourcesBuildPhase;
			buildActionMask = 2147483647;
			files = (
				B98CFA9628FB525D0002D7B9 /* LaunchScreen.storyboard in Resources */,
				B98CFA9328FB525D0002D7B9 /* Assets.xcassets in Resources */,
				B98CFA9128FB525C0002D7B9 /* Main.storyboard in Resources */,
			);
			runOnlyForDeploymentPostprocessing = 0;
		};
/* End PBXResourcesBuildPhase section */

/* Begin PBXSourcesBuildPhase section */
		B98CFA8228FB525C0002D7B9 /* Sources */ = {
			isa = PBXSourcesBuildPhase;
			buildActionMask = 2147483647;
			files = (
				B98CFA8E28FB525C0002D7B9 /* ViewController.swift in Sources */,
				B98CFAAC28FB58E60002D7B9 /* NetworkLib.swift in Sources */,
				B98CFAA428FB561C0002D7B9 /* AbceedExtension.swift in Sources */,
				B98CFA8A28FB525C0002D7B9 /* AppDelegate.swift in Sources */,
				B98CFA8C28FB525C0002D7B9 /* SceneDelegate.swift in Sources */,
			);
			runOnlyForDeploymentPostprocessing = 0;
		};
/* End PBXSourcesBuildPhase section */

/* Begin PBXVariantGroup section */
		B98CFA8F28FB525C0002D7B9 /* Main.storyboard */ = {
			isa = PBXVariantGroup;
			children = (
				B98CFA9028FB525C0002D7B9 /* Base */,
			);
			name = Main.storyboard;
			sourceTree = "<group>";
		};
		B98CFA9428FB525D0002D7B9 /* LaunchScreen.storyboard */ = {
			isa = PBXVariantGroup;
			children = (
				B98CFA9528FB525D0002D7B9 /* Base */,
			);
			name = LaunchScreen.storyboard;
			sourceTree = "<group>";
		};
/* End PBXVariantGroup section */

/* Begin XCBuildConfiguration section */
		B98CFA9828FB525D0002D7B9 /* Debug */ = {
			isa = XCBuildConfiguration;
			buildSettings = {
				ALWAYS_SEARCH_USER_PATHS = NO;
				CLANG_ANALYZER_NONNULL = YES;
				CLANG_ANALYZER_NUMBER_OBJECT_CONVERSION = YES_AGGRESSIVE;
				CLANG_CXX_LANGUAGE_STANDARD = "gnu++20";
				CLANG_ENABLE_MODULES = YES;
				CLANG_ENABLE_OBJC_ARC = YES;
				CLANG_ENABLE_OBJC_WEAK = YES;
				CLANG_WARN_BLOCK_CAPTURE_AUTORELEASING = YES;
				CLANG_WARN_BOOL_CONVERSION = YES;
				CLANG_WARN_COMMA = YES;
				CLANG_WARN_CONSTANT_CONVERSION = YES;
				CLANG_WARN_DEPRECATED_OBJC_IMPLEMENTATIONS = YES;
				CLANG_WARN_DIRECT_OBJC_ISA_USAGE = YES_ERROR;
				CLANG_WARN_DOCUMENTATION_COMMENTS = YES;
				CLANG_WARN_EMPTY_BODY = YES;
				CLANG_WARN_ENUM_CONVERSION = YES;
				CLANG_WARN_INFINITE_RECURSION = YES;
				CLANG_WARN_INT_CONVERSION = YES;
				CLANG_WARN_NON_LITERAL_NULL_CONVERSION = YES;
				CLANG_WARN_OBJC_IMPLICIT_RETAIN_SELF = YES;
				CLANG_WARN_OBJC_LITERAL_CONVERSION = YES;
				CLANG_WARN_OBJC_ROOT_CLASS = YES_ERROR;
				CLANG_WARN_QUOTED_INCLUDE_IN_FRAMEWORK_HEADER = YES;
				CLANG_WARN_RANGE_LOOP_ANALYSIS = YES;
				CLANG_WARN_STRICT_PROTOTYPES = YES;
				CLANG_WARN_SUSPICIOUS_MOVE = YES;
				CLANG_WARN_UNGUARDED_AVAILABILITY = YES_AGGRESSIVE;
				CLANG_WARN_UNREACHABLE_CODE = YES;
				CLANG_WARN__DUPLICATE_METHOD_MATCH = YES;
				COPY_PHASE_STRIP = NO;
				DEBUG_INFORMATION_FORMAT = dwarf;
				ENABLE_STRICT_OBJC_MSGSEND = YES;
				ENABLE_TESTABILITY = YES;
				GCC_C_LANGUAGE_STANDARD = gnu11;
				GCC_DYNAMIC_NO_PIC = NO;
				GCC_NO_COMMON_BLOCKS = YES;
				GCC_OPTIMIZATION_LEVEL = 0;
				GCC_PREPROCESSOR_DEFINITIONS = (
					"DEBUG=1",
					"$(inherited)",
				);
				GCC_WARN_64_TO_32_BIT_CONVERSION = YES;
				GCC_WARN_ABOUT_RETURN_TYPE = YES_ERROR;
				GCC_WARN_UNDECLARED_SELECTOR = YES;
				GCC_WARN_UNINITIALIZED_AUTOS = YES_AGGRESSIVE;
				GCC_WARN_UNUSED_FUNCTION = YES;
				GCC_WARN_UNUSED_VARIABLE = YES;
				IPHONEOS_DEPLOYMENT_TARGET = 16.0;
				MTL_ENABLE_DEBUG_INFO = INCLUDE_SOURCE;
				MTL_FAST_MATH = YES;
				ONLY_ACTIVE_ARCH = YES;
				SDKROOT = iphoneos;
				SWIFT_ACTIVE_COMPILATION_CONDITIONS = DEBUG;
				SWIFT_OPTIMIZATION_LEVEL = "-Onone";
			};
			name = Debug;
		};
		B98CFA9928FB525D0002D7B9 /* Release */ = {
			isa = XCBuildConfiguration;
			buildSettings = {
				ALWAYS_SEARCH_USER_PATHS = NO;
				CLANG_ANALYZER_NONNULL = YES;
				CLANG_ANALYZER_NUMBER_OBJECT_CONVERSION = YES_AGGRESSIVE;
				CLANG_CXX_LANGUAGE_STANDARD = "gnu++20";
				CLANG_ENABLE_MODULES = YES;
				CLANG_ENABLE_OBJC_ARC = YES;
				CLANG_ENABLE_OBJC_WEAK = YES;
				CLANG_WARN_BLOCK_CAPTURE_AUTORELEASING = YES;
				CLANG_WARN_BOOL_CONVERSION = YES;
				CLANG_WARN_COMMA = YES;
				CLANG_WARN_CONSTANT_CONVERSION = YES;
				CLANG_WARN_DEPRECATED_OBJC_IMPLEMENTATIONS = YES;
				CLANG_WARN_DIRECT_OBJC_ISA_USAGE = YES_ERROR;
				CLANG_WARN_DOCUMENTATION_COMMENTS = YES;
				CLANG_WARN_EMPTY_BODY = YES;
				CLANG_WARN_ENUM_CONVERSION = YES;
				CLANG_WARN_INFINITE_RECURSION = YES;
				CLANG_WARN_INT_CONVERSION = YES;
				CLANG_WARN_NON_LITERAL_NULL_CONVERSION = YES;
				CLANG_WARN_OBJC_IMPLICIT_RETAIN_SELF = YES;
				CLANG_WARN_OBJC_LITERAL_CONVERSION = YES;
				CLANG_WARN_OBJC_ROOT_CLASS = YES_ERROR;
				CLANG_WARN_QUOTED_INCLUDE_IN_FRAMEWORK_HEADER = YES;
				CLANG_WARN_RANGE_LOOP_ANALYSIS = YES;
				CLANG_WARN_STRICT_PROTOTYPES = YES;
				CLANG_WARN_SUSPICIOUS_MOVE = YES;
				CLANG_WARN_UNGUARDED_AVAILABILITY = YES_AGGRESSIVE;
				CLANG_WARN_UNREACHABLE_CODE = YES;
				CLANG_WARN__DUPLICATE_METHOD_MATCH = YES;
				COPY_PHASE_STRIP = NO;
				DEBUG_INFORMATION_FORMAT = "dwarf-with-dsym";
				ENABLE_NS_ASSERTIONS = NO;
				ENABLE_STRICT_OBJC_MSGSEND = YES;
				GCC_C_LANGUAGE_STANDARD = gnu11;
				GCC_NO_COMMON_BLOCKS = YES;
				GCC_WARN_64_TO_32_BIT_CONVERSION = YES;
				GCC_WARN_ABOUT_RETURN_TYPE = YES_ERROR;
				GCC_WARN_UNDECLARED_SELECTOR = YES;
				GCC_WARN_UNINITIALIZED_AUTOS = YES_AGGRESSIVE;
				GCC_WARN_UNUSED_FUNCTION = YES;
				GCC_WARN_UNUSED_VARIABLE = YES;
				IPHONEOS_DEPLOYMENT_TARGET = 16.0;
				MTL_ENABLE_DEBUG_INFO = NO;
				MTL_FAST_MATH = YES;
				SDKROOT = iphoneos;
				SWIFT_COMPILATION_MODE = wholemodule;
				SWIFT_OPTIMIZATION_LEVEL = "-O";
				VALIDATE_PRODUCT = YES;
			};
			name = Release;
		};
		B98CFA9B28FB525D0002D7B9 /* Debug */ = {
			isa = XCBuildConfiguration;
			buildSettings = {
				ASSETCATALOG_COMPILER_APPICON_NAME = AppIcon;
				ASSETCATALOG_COMPILER_GLOBAL_ACCENT_COLOR_NAME = AccentColor;
				CODE_SIGN_STYLE = Automatic;
				CURRENT_PROJECT_VERSION = 1;
				GENERATE_INFOPLIST_FILE = YES;
				INFOPLIST_FILE = "abceed-exam/Info.plist";
				INFOPLIST_KEY_UIApplicationSupportsIndirectInputEvents = YES;
				INFOPLIST_KEY_UILaunchStoryboardName = LaunchScreen;
				INFOPLIST_KEY_UIMainStoryboardFile = Main;
				INFOPLIST_KEY_UISupportedInterfaceOrientations_iPad = "UIInterfaceOrientationPortrait UIInterfaceOrientationPortraitUpsideDown UIInterfaceOrientationLandscapeLeft UIInterfaceOrientationLandscapeRight";
				INFOPLIST_KEY_UISupportedInterfaceOrientations_iPhone = "UIInterfaceOrientationPortrait UIInterfaceOrientationLandscapeLeft UIInterfaceOrientationLandscapeRight";
				LD_RUNPATH_SEARCH_PATHS = (
					"$(inherited)",
					"@executable_path/Frameworks",
				);
				MARKETING_VERSION = 1.0;
				PRODUCT_BUNDLE_IDENTIFIER = "test.abceed-exam";
				PRODUCT_NAME = "$(TARGET_NAME)";
				SWIFT_EMIT_LOC_STRINGS = YES;
				SWIFT_VERSION = 5.0;
				TARGETED_DEVICE_FAMILY = "1,2";
			};
			name = Debug;
		};
		B98CFA9C28FB525D0002D7B9 /* Release */ = {
			isa = XCBuildConfiguration;
			buildSettings = {
				ASSETCATALOG_COMPILER_APPICON_NAME = AppIcon;
				ASSETCATALOG_COMPILER_GLOBAL_ACCENT_COLOR_NAME = AccentColor;
				CODE_SIGN_STYLE = Automatic;
				CURRENT_PROJECT_VERSION = 1;
				GENERATE_INFOPLIST_FILE = YES;
				INFOPLIST_FILE = "abceed-exam/Info.plist";
				INFOPLIST_KEY_UIApplicationSupportsIndirectInputEvents = YES;
				INFOPLIST_KEY_UILaunchStoryboardName = LaunchScreen;
				INFOPLIST_KEY_UIMainStoryboardFile = Main;
				INFOPLIST_KEY_UISupportedInterfaceOrientations_iPad = "UIInterfaceOrientationPortrait UIInterfaceOrientationPortraitUpsideDown UIInterfaceOrientationLandscapeLeft UIInterfaceOrientationLandscapeRight";
				INFOPLIST_KEY_UISupportedInterfaceOrientations_iPhone = "UIInterfaceOrientationPortrait UIInterfaceOrientationLandscapeLeft UIInterfaceOrientationLandscapeRight";
				LD_RUNPATH_SEARCH_PATHS = (
					"$(inherited)",
					"@executable_path/Frameworks",
				);
				MARKETING_VERSION = 1.0;
				PRODUCT_BUNDLE_IDENTIFIER = "test.abceed-exam";
				PRODUCT_NAME = "$(TARGET_NAME)";
				SWIFT_EMIT_LOC_STRINGS = YES;
				SWIFT_VERSION = 5.0;
				TARGETED_DEVICE_FAMILY = "1,2";
			};
			name = Release;
		};
/* End XCBuildConfiguration section */

/* Begin XCConfigurationList section */
		B98CFA8128FB525C0002D7B9 /* Build configuration list for PBXProject "abceed-exam" */ = {
			isa = XCConfigurationList;
			buildConfigurations = (
				B98CFA9828FB525D0002D7B9 /* Debug */,
				B98CFA9928FB525D0002D7B9 /* Release */,
			);
			defaultConfigurationIsVisible = 0;
			defaultConfigurationName = Release;
		};
		B98CFA9A28FB525D0002D7B9 /* Build configuration list for PBXNativeTarget "abceed-exam" */ = {
			isa = XCConfigurationList;
			buildConfigurations = (
				B98CFA9B28FB525D0002D7B9 /* Debug */,
				B98CFA9C28FB525D0002D7B9 /* Release */,
			);
			defaultConfigurationIsVisible = 0;
			defaultConfigurationName = Release;
		};
/* End XCConfigurationList section */

/* Begin XCRemoteSwiftPackageReference section */
		B98CFA9D28FB53CD0002D7B9 /* XCRemoteSwiftPackageReference "abceed-UIComponents" */ = {
			isa = XCRemoteSwiftPackageReference;
			repositoryURL = "https://github.com/globeejp/abceed-UIComponents";
			requirement = {
				branch = main;
				kind = branch;
			};
		};
		B98CFAA528FB57780002D7B9 /* XCRemoteSwiftPackageReference "Alamofire" */ = {
			isa = XCRemoteSwiftPackageReference;
			repositoryURL = "https://github.com/Alamofire/Alamofire.git";
			requirement = {
				kind = upToNextMajorVersion;
				minimumVersion = 5.6.1;
			};
		};
		B98CFAA828FB57B00002D7B9 /* XCRemoteSwiftPackageReference "AlamofireImage" */ = {
			isa = XCRemoteSwiftPackageReference;
			repositoryURL = "https://github.com/Alamofire/AlamofireImage.git";
			requirement = {
				kind = upToNextMajorVersion;
				minimumVersion = 4.2.0;
			};
		};
/* End XCRemoteSwiftPackageReference section */

/* Begin XCSwiftPackageProductDependency section */
		B98CFA9E28FB53CD0002D7B9 /* AbceedUILibrary */ = {
			isa = XCSwiftPackageProductDependency;
			package = B98CFA9D28FB53CD0002D7B9 /* XCRemoteSwiftPackageReference "abceed-UIComponents" */;
			productName = AbceedUILibrary;
		};
		B98CFAA628FB57780002D7B9 /* Alamofire */ = {
			isa = XCSwiftPackageProductDependency;
			package = B98CFAA528FB57780002D7B9 /* XCRemoteSwiftPackageReference "Alamofire" */;
			productName = Alamofire;
		};
		B98CFAA928FB57B00002D7B9 /* AlamofireImage */ = {
			isa = XCSwiftPackageProductDependency;
			package = B98CFAA828FB57B00002D7B9 /* XCRemoteSwiftPackageReference "AlamofireImage" */;
			productName = AlamofireImage;
		};
/* End XCSwiftPackageProductDependency section */
	};
	rootObject = B98CFA7E28FB525C0002D7B9 /* Project object */;
}
